
Microsoft Visual Studio Solution File, Format Version 12.00
# Visual Studio Version 16
VisualStudioVersion = 16.0.31624.102
MinimumVisualStudioVersion = 10.0.40219.1
Project("{FAE04EC0-301F-11D3-BF4B-00C04F79EFBC}") = "WebApplication1.Server", "Server\WebApplication1.Server.csproj", "{39997FBC-D0FC-4296-AD53-16FEDFFE0482}"
EndProject
Project("{FAE04EC0-301F-11D3-BF4B-00C04F79EFBC}") = "WebApplication1.Client", "Client\WebApplication1.Client.csproj", "{18C4CD76-D114-4373-9247-2C2F2306DA96}"
EndProject
Project("{FAE04EC0-301F-11D3-BF4B-00C04F79EFBC}") = "WebApplication1.Shared", "Shared\WebApplication1.Shared.csproj", "{9499670D-1844-4721-97B8-A3F4D8C99514}"
EndProject
Global
	GlobalSection(SolutionConfigurationPlatforms) = preSolution
		Debug|Any CPU = Debug|Any CPU
		Release|Any CPU = Release|Any CPU
	EndGlobalSection
	GlobalSection(ProjectConfigurationPlatforms) = postSolution
		{39997FBC-D0FC-4296-AD53-16FEDFFE0482}.Debug|Any CPU.ActiveCfg = Debug|Any CPU
		{39997FBC-D0FC-4296-AD53-16FEDFFE0482}.Debug|Any CPU.Build.0 = Debug|Any CPU
		{39997FBC-D0FC-4296-AD53-16FEDFFE0482}.Release|Any CPU.ActiveCfg = Release|Any CPU
		{39997FBC-D0FC-4296-AD53-16FEDFFE0482}.Release|Any CPU.Build.0 = Release|Any CPU
		{18C4CD76-D114-4373-9247-2C2F2306DA96}.Debug|Any CPU.ActiveCfg = Debug|Any CPU
		{18C4CD76-D114-4373-9247-2C2F2306DA96}.Debug|Any CPU.Build.0 = Debug|Any CPU
		{18C4CD76-D114-4373-9247-2C2F2306DA96}.Release|Any CPU.ActiveCfg = Release|Any CPU
		{18C4CD76-D114-4373-9247-2C2F2306DA96}.Release|Any CPU.Build.0 = Release|Any CPU
		{9499670D-1844-4721-97B8-A3F4D8C99514}.Debug|Any CPU.ActiveCfg = Debug|Any CPU
		{9499670D-1844-4721-97B8-A3F4D8C99514}.Debug|Any CPU.Build.0 = Debug|Any CPU
		{9499670D-1844-4721-97B8-A3F4D8C99514}.Release|Any CPU.ActiveCfg = Release|Any CPU
		{9499670D-1844-4721-97B8-A3F4D8C99514}.Release|Any CPU.Build.0 = Release|Any CPU
	EndGlobalSection
	GlobalSection(SolutionProperties) = preSolution
		HideSolutionNode = FALSE
	EndGlobalSection
	GlobalSection(ExtensibilityGlobals) = postSolution
		SolutionGuid = {FDCEE639-7BC9-42E0-80D5-7910B27EC79C}
	EndGlobalSection
EndGlobal
